
Microsoft Visual Studio Solution File, Format Version 12.00
# Visual Studio 15
VisualStudioVersion = 15.0.28307.329
MinimumVisualStudioVersion = 10.0.40219.1
Project("{9A19103F-16F7-4668-BE54-9A1E7A4F7556}") = "Messenger.UI", "Messenger.UI\Messenger.UI.csproj", "{41A9DCE4-7CB8-47E4-9C3C-706FA944168B}"
EndProject
Project("{9A19103F-16F7-4668-BE54-9A1E7A4F7556}") = "Messenger.BusinessLogic", "Messenger.BusinessLogic\Messenger.BusinessLogic.csproj", "{668EA6E6-A60E-4322-B36B-020309741A88}"
EndProject
Project("{FAE04EC0-301F-11D3-BF4B-00C04F79EFBC}") = "Messenger.Entity", "Messenger.Entity\Messenger.Entity.csproj", "{4CB1C06C-D25D-4F3F-AD87-FA0E1C06257E}"
EndProject
Project("{FAE04EC0-301F-11D3-BF4B-00C04F79EFBC}") = "Messenger.DataAccess", "Messenger.DataAccess\Messenger.DataAccess.csproj", "{087898BD-E349-4CB2-84DA-AA2BD2E3E601}"
EndProject
Global
	GlobalSection(SolutionConfigurationPlatforms) = preSolution
		Debug|Any CPU = Debug|Any CPU
		Release|Any CPU = Release|Any CPU
	EndGlobalSection
	GlobalSection(ProjectConfigurationPlatforms) = postSolution
		{41A9DCE4-7CB8-47E4-9C3C-706FA944168B}.Debug|Any CPU.ActiveCfg = Debug|Any CPU
		{41A9DCE4-7CB8-47E4-9C3C-706FA944168B}.Debug|Any CPU.Build.0 = Debug|Any CPU
		{41A9DCE4-7CB8-47E4-9C3C-706FA944168B}.Release|Any CPU.ActiveCfg = Release|Any CPU
		{41A9DCE4-7CB8-47E4-9C3C-706FA944168B}.Release|Any CPU.Build.0 = Release|Any CPU
		{668EA6E6-A60E-4322-B36B-020309741A88}.Debug|Any CPU.ActiveCfg = Debug|Any CPU
		{668EA6E6-A60E-4322-B36B-020309741A88}.Debug|Any CPU.Build.0 = Debug|Any CPU
		{668EA6E6-A60E-4322-B36B-020309741A88}.Release|Any CPU.ActiveCfg = Release|Any CPU
		{668EA6E6-A60E-4322-B36B-020309741A88}.Release|Any CPU.Build.0 = Release|Any CPU
		{4CB1C06C-D25D-4F3F-AD87-FA0E1C06257E}.Debug|Any CPU.ActiveCfg = Debug|Any CPU
		{4CB1C06C-D25D-4F3F-AD87-FA0E1C06257E}.Debug|Any CPU.Build.0 = Debug|Any CPU
		{4CB1C06C-D25D-4F3F-AD87-FA0E1C06257E}.Release|Any CPU.ActiveCfg = Release|Any CPU
		{4CB1C06C-D25D-4F3F-AD87-FA0E1C06257E}.Release|Any CPU.Build.0 = Release|Any CPU
		{087898BD-E349-4CB2-84DA-AA2BD2E3E601}.Debug|Any CPU.ActiveCfg = Debug|Any CPU
		{087898BD-E349-4CB2-84DA-AA2BD2E3E601}.Debug|Any CPU.Build.0 = Debug|Any CPU
		{087898BD-E349-4CB2-84DA-AA2BD2E3E601}.Release|Any CPU.ActiveCfg = Release|Any CPU
		{087898BD-E349-4CB2-84DA-AA2BD2E3E601}.Release|Any CPU.Build.0 = Release|Any CPU
	EndGlobalSection
	GlobalSection(SolutionProperties) = preSolution
		HideSolutionNode = FALSE
	EndGlobalSection
	GlobalSection(ExtensibilityGlobals) = postSolution
		SolutionGuid = {F7F52B66-E878-4883-BD83-5ED9BD01C97C}
	EndGlobalSection
EndGlobal
